
Microsoft Visual Studio Solution File, Format Version 12.00
# Visual Studio Version 16
VisualStudioVersion = 16.0.33927.289
MinimumVisualStudioVersion = 10.0.40219.1
Project("{2150E333-8FDC-42A3-9474-1A3956D46DE8}") = "Task0", "Task0", "{E8591594-4B60-414F-99B2-EEAB2D66D1A3}"
EndProject
Project("{FAE04EC0-301F-11D3-BF4B-00C04F79EFBC}") = "Tyuiu.NosyrevaUA.Sprint3.Task0.V19", "Tyuiu.NosyrevaUA.Sprint3.Task0.V19\Tyuiu.NosyrevaUA.Sprint3.Task0.V19.csproj", "{DB4D5E6F-A1D2-481C-9A34-11234C8EF23F}"
EndProject
Project("{FAE04EC0-301F-11D3-BF4B-00C04F79EFBC}") = "Tyuiu.NosyrevaUA.Sprint3.Task0.V19.Lib", "Tyuiu.NosyrevaUA.Sprint3.Task0.V19.Lib\Tyuiu.NosyrevaUA.Sprint3.Task0.V19.Lib.csproj", "{E1532F3E-5E64-4980-B622-371E9C63B630}"
EndProject
Project("{FAE04EC0-301F-11D3-BF4B-00C04F79EFBC}") = "Tyuiu.NosyrevaUA.Sprint3.Task0.V19.Test", "Tyuiu.NosyrevaUA.Sprint3.Task0.V19.Test\Tyuiu.NosyrevaUA.Sprint3.Task0.V19.Test.csproj", "{486556CB-0283-414B-8AB6-E373EC94143A}"
EndProject
Project("{2150E333-8FDC-42A3-9474-1A3956D46DE8}") = "Task1", "Task1", "{E82CF49B-9CE4-430D-88B3-B5C683D434CC}"
EndProject
Project("{FAE04EC0-301F-11D3-BF4B-00C04F79EFBC}") = "Tyuiu.NosyrevaUA.Sprint3.Task1.V11", "Tyuiu.NosyrevaUA.Sprint3.Task1.V11\Tyuiu.NosyrevaUA.Sprint3.Task1.V11.csproj", "{3B5DAB8C-4EE4-49EE-839A-5F052BA88A2A}"
EndProject
Project("{FAE04EC0-301F-11D3-BF4B-00C04F79EFBC}") = "Tyuiu.NosyrevaUA.Sprint3.Task1.V11.Lib", "Tyuiu.NosyrevaUA.Sprint3.Task1.V11.Lib\Tyuiu.NosyrevaUA.Sprint3.Task1.V11.Lib.csproj", "{7BED97ED-A2F9-4169-896A-A3AD23D361A0}"
EndProject
Project("{FAE04EC0-301F-11D3-BF4B-00C04F79EFBC}") = "Tyuiu.NosyrevaUA.Sprint3.Task1.V11.Test", "Tyuiu.NosyrevaUA.Sprint3.Task1.V11.Test\Tyuiu.NosyrevaUA.Sprint3.Task1.V11.Test.csproj", "{72E27377-D8EF-4389-93B2-8C20DD048125}"
EndProject
Project("{2150E333-8FDC-42A3-9474-1A3956D46DE8}") = "Task2", "Task2", "{257F6DD1-3F2F-4CD5-9FA0-01C3EAE7F5D1}"
EndProject
Project("{FAE04EC0-301F-11D3-BF4B-00C04F79EFBC}") = "Tyuiu.NosyrevaUA.Sprint3.Task2.V28", "Tyuiu.NosyrevaUA.Sprint3.Task2.V28\Tyuiu.NosyrevaUA.Sprint3.Task2.V28.csproj", "{DEA6C3C2-276F-4EA0-8886-6DEFF7DC5E4C}"
EndProject
Project("{FAE04EC0-301F-11D3-BF4B-00C04F79EFBC}") = "Tyuiu.NosyrevaUA.Sprint3.Task2.V28.Lib", "Tyuiu.NosyrevaUA.Sprint3.Task2.V28.Lib\Tyuiu.NosyrevaUA.Sprint3.Task2.V28.Lib.csproj", "{28E338D4-C32F-44FA-ACAA-BF3B35AF4474}"
EndProject
Project("{FAE04EC0-301F-11D3-BF4B-00C04F79EFBC}") = "Tyuiu.NosyrevaUA.Sprint3.Task2.V28.Test", "Tyuiu.NosyrevaUA.Sprint3.Task2.V28.Test\Tyuiu.NosyrevaUA.Sprint3.Task2.V28.Test.csproj", "{D8B30E04-3683-4029-8DEB-500A187EC7EF}"
EndProject
Project("{2150E333-8FDC-42A3-9474-1A3956D46DE8}") = "Task3", "Task3", "{F418D1B4-0126-4626-9680-BE872248E215}"
EndProject
Project("{FAE04EC0-301F-11D3-BF4B-00C04F79EFBC}") = "Tyuiu.NosyrevaUA.Sprint3.Task3.V18", "Tyuiu.NosyrevaUA.Sprint3.Task3.V18\Tyuiu.NosyrevaUA.Sprint3.Task3.V18.csproj", "{EABA000B-0D3B-4E03-9F77-8D937D3C00BA}"
EndProject
Project("{FAE04EC0-301F-11D3-BF4B-00C04F79EFBC}") = "Tyuiu.NosyrevaUA.Sprint3.Task3.V18.Lib", "Tyuiu.NosyrevaUA.Sprint3.Task3.V18.Lib\Tyuiu.NosyrevaUA.Sprint3.Task3.V18.Lib.csproj", "{54EC508F-24C2-43AC-A50A-199B7C7FAA65}"
EndProject
Project("{FAE04EC0-301F-11D3-BF4B-00C04F79EFBC}") = "Tyuiu.NosyrevaUA.Sprint3.Task3.V18.Test", "Tyuiu.NosyrevaUA.Sprint3.Task3.V18.Test\Tyuiu.NosyrevaUA.Sprint3.Task3.V18.Test.csproj", "{95179059-DD6C-42BD-BAC7-15704E4172F1}"
EndProject
Project("{2150E333-8FDC-42A3-9474-1A3956D46DE8}") = "Task4", "Task4", "{F2AFFB23-2E04-4FD0-B1FA-1F70340C1E68}"
EndProject
Project("{FAE04EC0-301F-11D3-BF4B-00C04F79EFBC}") = "Tyuiu.NosyrevaUA.Sprint3.Task4.V4", "Tyuiu.NosyrevaUA.Sprint3.Task4.V4\Tyuiu.NosyrevaUA.Sprint3.Task4.V4.csproj", "{5DE501FC-314B-4CE5-84F7-952A8A143ACC}"
EndProject
Project("{FAE04EC0-301F-11D3-BF4B-00C04F79EFBC}") = "Tyuiu.NosyrevaUA.Sprint3.Task4.V4.Lib", "Tyuiu.NosyrevaUA.Sprint3.Task4.V4.Lib\Tyuiu.NosyrevaUA.Sprint3.Task4.V4.Lib.csproj", "{431A1745-C1F3-40DC-9C86-229F35D70CEB}"
EndProject
Project("{FAE04EC0-301F-11D3-BF4B-00C04F79EFBC}") = "Tyuiu.NosyrevaUA.Sprint3.Task4.V4.Test", "Tyuiu.NosyrevaUA.Sprint3.Task4.V4.Test\Tyuiu.NosyrevaUA.Sprint3.Task4.V4.Test.csproj", "{841D85C7-430A-4412-A6AB-3121CDAE1E30}"
EndProject
Project("{2150E333-8FDC-42A3-9474-1A3956D46DE8}") = "Task5", "Task5", "{1AA3C916-4261-4D5F-BDB2-410B033C735E}"
EndProject
Project("{FAE04EC0-301F-11D3-BF4B-00C04F79EFBC}") = "Tyuiu.NosyrevaUA.Sprint3.Task5.V22", "Tyuiu.NosyrevaUA.Sprint3.Task5.V22\Tyuiu.NosyrevaUA.Sprint3.Task5.V22.csproj", "{00F94517-F49C-4A39-A731-F94E9F731125}"
EndProject
Project("{FAE04EC0-301F-11D3-BF4B-00C04F79EFBC}") = "Tyuiu.NosyrevaUA.Sprint3.Task5.V22.Lib", "Tyuiu.NosyrevaUA.Sprint3.Task5.V22.Lib\Tyuiu.NosyrevaUA.Sprint3.Task5.V22.Lib.csproj", "{1746FB03-8149-4BB9-A3A1-AE5EE9978871}"
EndProject
Project("{FAE04EC0-301F-11D3-BF4B-00C04F79EFBC}") = "Tyuiu.NosyrevaUA.Sprint3.Task5.V22.Test", "Tyuiu.NosyrevaUA.Sprint3.Task5.V22.Test\Tyuiu.NosyrevaUA.Sprint3.Task5.V22.Test.csproj", "{B1B77742-C850-4835-ADA1-CB002CB04D1A}"
EndProject
Project("{2150E333-8FDC-42A3-9474-1A3956D46DE8}") = "Task6", "Task6", "{0C8DF00F-BA0A-4669-B3F3-CB931FEE7C68}"
EndProject
Project("{FAE04EC0-301F-11D3-BF4B-00C04F79EFBC}") = "Tyuiu.NosyrevaUA.Sprint3.Task6.V17", "Tyuiu.NosyrevaUA.Sprint3.Task6.V17\Tyuiu.NosyrevaUA.Sprint3.Task6.V17.csproj", "{8CE516DE-C820-4A43-94AE-BA8BC5D4E69D}"
EndProject
Project("{FAE04EC0-301F-11D3-BF4B-00C04F79EFBC}") = "Tyuiu.NosyrevaUA.Sprint3.Task6.V17.Lib", "Tyuiu.NosyrevaUA.Sprint3.Task6.V17.Lib\Tyuiu.NosyrevaUA.Sprint3.Task6.V17.Lib.csproj", "{9E34776F-ABCE-482E-98E3-C9F19D883695}"
EndProject
Project("{FAE04EC0-301F-11D3-BF4B-00C04F79EFBC}") = "Tyuiu.NosyrevaUA.Sprint3.Task6.V17.Test", "Tyuiu.NosyrevaUA.Sprint3.Task6.V17.Test\Tyuiu.NosyrevaUA.Sprint3.Task6.V17.Test.csproj", "{676EA74F-B956-4068-9662-29411438246A}"
EndProject
Project("{2150E333-8FDC-42A3-9474-1A3956D46DE8}") = "Task7", "Task7", "{2C9C4C67-8E67-4B03-BEC0-D8E360F19A10}"
EndProject
Project("{FAE04EC0-301F-11D3-BF4B-00C04F79EFBC}") = "Tyuiu.NosyrevaUA.Sprint3.Task7.V9", "Tyuiu.NosyrevaUA.Sprint3.Task7.V9\Tyuiu.NosyrevaUA.Sprint3.Task7.V9.csproj", "{DAB9D5E7-6A34-484E-80EF-C14F7C3A51AB}"
EndProject
Project("{FAE04EC0-301F-11D3-BF4B-00C04F79EFBC}") = "Tyuiu.NosyrevaUA.Sprint3.Task7.V9.Lib", "Tyuiu.NosyrevaUA.Sprint3.Task7.V9.Lib\Tyuiu.NosyrevaUA.Sprint3.Task7.V9.Lib.csproj", "{EC4AB1A7-E8D9-45EC-8F4B-031F2178B313}"
EndProject
Project("{FAE04EC0-301F-11D3-BF4B-00C04F79EFBC}") = "Tyuiu.NosyrevaUA.Sprint3.Task7.V9.Test", "Tyuiu.NosyrevaUA.Sprint3.Task7.V9.Test\Tyuiu.NosyrevaUA.Sprint3.Task7.V9.Test.csproj", "{A2E286D5-2DEF-4F44-84C4-4A1A9ACEC237}"
EndProject
Global
	GlobalSection(SolutionConfigurationPlatforms) = preSolution
		Debug|Any CPU = Debug|Any CPU
		Release|Any CPU = Release|Any CPU
	EndGlobalSection
	GlobalSection(ProjectConfigurationPlatforms) = postSolution
		{DB4D5E6F-A1D2-481C-9A34-11234C8EF23F}.Debug|Any CPU.ActiveCfg = Debug|Any CPU
		{DB4D5E6F-A1D2-481C-9A34-11234C8EF23F}.Debug|Any CPU.Build.0 = Debug|Any CPU
		{DB4D5E6F-A1D2-481C-9A34-11234C8EF23F}.Release|Any CPU.ActiveCfg = Release|Any CPU
		{DB4D5E6F-A1D2-481C-9A34-11234C8EF23F}.Release|Any CPU.Build.0 = Release|Any CPU
		{E1532F3E-5E64-4980-B622-371E9C63B630}.Debug|Any CPU.ActiveCfg = Debug|Any CPU
		{E1532F3E-5E64-4980-B622-371E9C63B630}.Debug|Any CPU.Build.0 = Debug|Any CPU
		{E1532F3E-5E64-4980-B622-371E9C63B630}.Release|Any CPU.ActiveCfg = Release|Any CPU
		{E1532F3E-5E64-4980-B622-371E9C63B630}.Release|Any CPU.Build.0 = Release|Any CPU
		{486556CB-0283-414B-8AB6-E373EC94143A}.Debug|Any CPU.ActiveCfg = Debug|Any CPU
		{486556CB-0283-414B-8AB6-E373EC94143A}.Debug|Any CPU.Build.0 = Debug|Any CPU
		{486556CB-0283-414B-8AB6-E373EC94143A}.Release|Any CPU.ActiveCfg = Release|Any CPU
		{486556CB-0283-414B-8AB6-E373EC94143A}.Release|Any CPU.Build.0 = Release|Any CPU
		{3B5DAB8C-4EE4-49EE-839A-5F052BA88A2A}.Debug|Any CPU.ActiveCfg = Debug|Any CPU
		{3B5DAB8C-4EE4-49EE-839A-5F052BA88A2A}.Debug|Any CPU.Build.0 = Debug|Any CPU
		{3B5DAB8C-4EE4-49EE-839A-5F052BA88A2A}.Release|Any CPU.ActiveCfg = Release|Any CPU
		{3B5DAB8C-4EE4-49EE-839A-5F052BA88A2A}.Release|Any CPU.Build.0 = Release|Any CPU
		{7BED97ED-A2F9-4169-896A-A3AD23D361A0}.Debug|Any CPU.ActiveCfg = Debug|Any CPU
		{7BED97ED-A2F9-4169-896A-A3AD23D361A0}.Debug|Any CPU.Build.0 = Debug|Any CPU
		{7BED97ED-A2F9-4169-896A-A3AD23D361A0}.Release|Any CPU.ActiveCfg = Release|Any CPU
		{7BED97ED-A2F9-4169-896A-A3AD23D361A0}.Release|Any CPU.Build.0 = Release|Any CPU
		{72E27377-D8EF-4389-93B2-8C20DD048125}.Debug|Any CPU.ActiveCfg = Debug|Any CPU
		{72E27377-D8EF-4389-93B2-8C20DD048125}.Debug|Any CPU.Build.0 = Debug|Any CPU
		{72E27377-D8EF-4389-93B2-8C20DD048125}.Release|Any CPU.ActiveCfg = Release|Any CPU
		{72E27377-D8EF-4389-93B2-8C20DD048125}.Release|Any CPU.Build.0 = Release|Any CPU
		{DEA6C3C2-276F-4EA0-8886-6DEFF7DC5E4C}.Debug|Any CPU.ActiveCfg = Debug|Any CPU
		{DEA6C3C2-276F-4EA0-8886-6DEFF7DC5E4C}.Debug|Any CPU.Build.0 = Debug|Any CPU
		{DEA6C3C2-276F-4EA0-8886-6DEFF7DC5E4C}.Release|Any CPU.ActiveCfg = Release|Any CPU
		{DEA6C3C2-276F-4EA0-8886-6DEFF7DC5E4C}.Release|Any CPU.Build.0 = Release|Any CPU
		{28E338D4-C32F-44FA-ACAA-BF3B35AF4474}.Debug|Any CPU.ActiveCfg = Debug|Any CPU
		{28E338D4-C32F-44FA-ACAA-BF3B35AF4474}.Debug|Any CPU.Build.0 = Debug|Any CPU
		{28E338D4-C32F-44FA-ACAA-BF3B35AF4474}.Release|Any CPU.ActiveCfg = Release|Any CPU
		{28E338D4-C32F-44FA-ACAA-BF3B35AF4474}.Release|Any CPU.Build.0 = Release|Any CPU
		{D8B30E04-3683-4029-8DEB-500A187EC7EF}.Debug|Any CPU.ActiveCfg = Debug|Any CPU
		{D8B30E04-3683-4029-8DEB-500A187EC7EF}.Debug|Any CPU.Build.0 = Debug|Any CPU
		{D8B30E04-3683-4029-8DEB-500A187EC7EF}.Release|Any CPU.ActiveCfg = Release|Any CPU
		{D8B30E04-3683-4029-8DEB-500A187EC7EF}.Release|Any CPU.Build.0 = Release|Any CPU
		{EABA000B-0D3B-4E03-9F77-8D937D3C00BA}.Debug|Any CPU.ActiveCfg = Debug|Any CPU
		{EABA000B-0D3B-4E03-9F77-8D937D3C00BA}.Debug|Any CPU.Build.0 = Debug|Any CPU
		{EABA000B-0D3B-4E03-9F77-8D937D3C00BA}.Release|Any CPU.ActiveCfg = Release|Any CPU
		{EABA000B-0D3B-4E03-9F77-8D937D3C00BA}.Release|Any CPU.Build.0 = Release|Any CPU
		{54EC508F-24C2-43AC-A50A-199B7C7FAA65}.Debug|Any CPU.ActiveCfg = Debug|Any CPU
		{54EC508F-24C2-43AC-A50A-199B7C7FAA65}.Debug|Any CPU.Build.0 = Debug|Any CPU
		{54EC508F-24C2-43AC-A50A-199B7C7FAA65}.Release|Any CPU.ActiveCfg = Release|Any CPU
		{54EC508F-24C2-43AC-A50A-199B7C7FAA65}.Release|Any CPU.Build.0 = Release|Any CPU
		{95179059-DD6C-42BD-BAC7-15704E4172F1}.Debug|Any CPU.ActiveCfg = Debug|Any CPU
		{95179059-DD6C-42BD-BAC7-15704E4172F1}.Debug|Any CPU.Build.0 = Debug|Any CPU
		{95179059-DD6C-42BD-BAC7-15704E4172F1}.Release|Any CPU.ActiveCfg = Release|Any CPU
		{95179059-DD6C-42BD-BAC7-15704E4172F1}.Release|Any CPU.Build.0 = Release|Any CPU
		{5DE501FC-314B-4CE5-84F7-952A8A143ACC}.Debug|Any CPU.ActiveCfg = Debug|Any CPU
		{5DE501FC-314B-4CE5-84F7-952A8A143ACC}.Debug|Any CPU.Build.0 = Debug|Any CPU
		{5DE501FC-314B-4CE5-84F7-952A8A143ACC}.Release|Any CPU.ActiveCfg = Release|Any CPU
		{5DE501FC-314B-4CE5-84F7-952A8A143ACC}.Release|Any CPU.Build.0 = Release|Any CPU
		{431A1745-C1F3-40DC-9C86-229F35D70CEB}.Debug|Any CPU.ActiveCfg = Debug|Any CPU
		{431A1745-C1F3-40DC-9C86-229F35D70CEB}.Debug|Any CPU.Build.0 = Debug|Any CPU
		{431A1745-C1F3-40DC-9C86-229F35D70CEB}.Release|Any CPU.ActiveCfg = Release|Any CPU
		{431A1745-C1F3-40DC-9C86-229F35D70CEB}.Release|Any CPU.Build.0 = Release|Any CPU
		{841D85C7-430A-4412-A6AB-3121CDAE1E30}.Debug|Any CPU.ActiveCfg = Debug|Any CPU
		{841D85C7-430A-4412-A6AB-3121CDAE1E30}.Debug|Any CPU.Build.0 = Debug|Any CPU
		{841D85C7-430A-4412-A6AB-3121CDAE1E30}.Release|Any CPU.ActiveCfg = Release|Any CPU
		{841D85C7-430A-4412-A6AB-3121CDAE1E30}.Release|Any CPU.Build.0 = Release|Any CPU
		{00F94517-F49C-4A39-A731-F94E9F731125}.Debug|Any CPU.ActiveCfg = Debug|Any CPU
		{00F94517-F49C-4A39-A731-F94E9F731125}.Debug|Any CPU.Build.0 = Debug|Any CPU
		{00F94517-F49C-4A39-A731-F94E9F731125}.Release|Any CPU.ActiveCfg = Release|Any CPU
		{00F94517-F49C-4A39-A731-F94E9F731125}.Release|Any CPU.Build.0 = Release|Any CPU
		{1746FB03-8149-4BB9-A3A1-AE5EE9978871}.Debug|Any CPU.ActiveCfg = Debug|Any CPU
		{1746FB03-8149-4BB9-A3A1-AE5EE9978871}.Debug|Any CPU.Build.0 = Debug|Any CPU
		{1746FB03-8149-4BB9-A3A1-AE5EE9978871}.Release|Any CPU.ActiveCfg = Release|Any CPU
		{1746FB03-8149-4BB9-A3A1-AE5EE9978871}.Release|Any CPU.Build.0 = Release|Any CPU
		{B1B77742-C850-4835-ADA1-CB002CB04D1A}.Debug|Any CPU.ActiveCfg = Debug|Any CPU
		{B1B77742-C850-4835-ADA1-CB002CB04D1A}.Debug|Any CPU.Build.0 = Debug|Any CPU
		{B1B77742-C850-4835-ADA1-CB002CB04D1A}.Release|Any CPU.ActiveCfg = Release|Any CPU
		{B1B77742-C850-4835-ADA1-CB002CB04D1A}.Release|Any CPU.Build.0 = Release|Any CPU
		{8CE516DE-C820-4A43-94AE-BA8BC5D4E69D}.Debug|Any CPU.ActiveCfg = Debug|Any CPU
		{8CE516DE-C820-4A43-94AE-BA8BC5D4E69D}.Debug|Any CPU.Build.0 = Debug|Any CPU
		{8CE516DE-C820-4A43-94AE-BA8BC5D4E69D}.Release|Any CPU.ActiveCfg = Release|Any CPU
		{8CE516DE-C820-4A43-94AE-BA8BC5D4E69D}.Release|Any CPU.Build.0 = Release|Any CPU
		{9E34776F-ABCE-482E-98E3-C9F19D883695}.Debug|Any CPU.ActiveCfg = Debug|Any CPU
		{9E34776F-ABCE-482E-98E3-C9F19D883695}.Debug|Any CPU.Build.0 = Debug|Any CPU
		{9E34776F-ABCE-482E-98E3-C9F19D883695}.Release|Any CPU.ActiveCfg = Release|Any CPU
		{9E34776F-ABCE-482E-98E3-C9F19D883695}.Release|Any CPU.Build.0 = Release|Any CPU
		{676EA74F-B956-4068-9662-29411438246A}.Debug|Any CPU.ActiveCfg = Debug|Any CPU
		{676EA74F-B956-4068-9662-29411438246A}.Debug|Any CPU.Build.0 = Debug|Any CPU
		{676EA74F-B956-4068-9662-29411438246A}.Release|Any CPU.ActiveCfg = Release|Any CPU
		{676EA74F-B956-4068-9662-29411438246A}.Release|Any CPU.Build.0 = Release|Any CPU
		{DAB9D5E7-6A34-484E-80EF-C14F7C3A51AB}.Debug|Any CPU.ActiveCfg = Debug|Any CPU
		{DAB9D5E7-6A34-484E-80EF-C14F7C3A51AB}.Debug|Any CPU.Build.0 = Debug|Any CPU
		{DAB9D5E7-6A34-484E-80EF-C14F7C3A51AB}.Release|Any CPU.ActiveCfg = Release|Any CPU
		{DAB9D5E7-6A34-484E-80EF-C14F7C3A51AB}.Release|Any CPU.Build.0 = Release|Any CPU
		{EC4AB1A7-E8D9-45EC-8F4B-031F2178B313}.Debug|Any CPU.ActiveCfg = Debug|Any CPU
		{EC4AB1A7-E8D9-45EC-8F4B-031F2178B313}.Debug|Any CPU.Build.0 = Debug|Any CPU
		{EC4AB1A7-E8D9-45EC-8F4B-031F2178B313}.Release|Any CPU.ActiveCfg = Release|Any CPU
		{EC4AB1A7-E8D9-45EC-8F4B-031F2178B313}.Release|Any CPU.Build.0 = Release|Any CPU
		{A2E286D5-2DEF-4F44-84C4-4A1A9ACEC237}.Debug|Any CPU.ActiveCfg = Debug|Any CPU
		{A2E286D5-2DEF-4F44-84C4-4A1A9ACEC237}.Debug|Any CPU.Build.0 = Debug|Any CPU
		{A2E286D5-2DEF-4F44-84C4-4A1A9ACEC237}.Release|Any CPU.ActiveCfg = Release|Any CPU
		{A2E286D5-2DEF-4F44-84C4-4A1A9ACEC237}.Release|Any CPU.Build.0 = Release|Any CPU
	EndGlobalSection
	GlobalSection(SolutionProperties) = preSolution
		HideSolutionNode = FALSE
	EndGlobalSection
	GlobalSection(NestedProjects) = preSolution
		{DB4D5E6F-A1D2-481C-9A34-11234C8EF23F} = {E8591594-4B60-414F-99B2-EEAB2D66D1A3}
		{E1532F3E-5E64-4980-B622-371E9C63B630} = {E8591594-4B60-414F-99B2-EEAB2D66D1A3}
		{486556CB-0283-414B-8AB6-E373EC94143A} = {E8591594-4B60-414F-99B2-EEAB2D66D1A3}
		{3B5DAB8C-4EE4-49EE-839A-5F052BA88A2A} = {E82CF49B-9CE4-430D-88B3-B5C683D434CC}
		{7BED97ED-A2F9-4169-896A-A3AD23D361A0} = {E82CF49B-9CE4-430D-88B3-B5C683D434CC}
		{72E27377-D8EF-4389-93B2-8C20DD048125} = {E82CF49B-9CE4-430D-88B3-B5C683D434CC}
		{DEA6C3C2-276F-4EA0-8886-6DEFF7DC5E4C} = {257F6DD1-3F2F-4CD5-9FA0-01C3EAE7F5D1}
		{28E338D4-C32F-44FA-ACAA-BF3B35AF4474} = {257F6DD1-3F2F-4CD5-9FA0-01C3EAE7F5D1}
		{D8B30E04-3683-4029-8DEB-500A187EC7EF} = {257F6DD1-3F2F-4CD5-9FA0-01C3EAE7F5D1}
		{EABA000B-0D3B-4E03-9F77-8D937D3C00BA} = {F418D1B4-0126-4626-9680-BE872248E215}
		{54EC508F-24C2-43AC-A50A-199B7C7FAA65} = {F418D1B4-0126-4626-9680-BE872248E215}
		{95179059-DD6C-42BD-BAC7-15704E4172F1} = {F418D1B4-0126-4626-9680-BE872248E215}
		{5DE501FC-314B-4CE5-84F7-952A8A143ACC} = {F2AFFB23-2E04-4FD0-B1FA-1F70340C1E68}
		{431A1745-C1F3-40DC-9C86-229F35D70CEB} = {F2AFFB23-2E04-4FD0-B1FA-1F70340C1E68}
		{841D85C7-430A-4412-A6AB-3121CDAE1E30} = {F2AFFB23-2E04-4FD0-B1FA-1F70340C1E68}
		{00F94517-F49C-4A39-A731-F94E9F731125} = {1AA3C916-4261-4D5F-BDB2-410B033C735E}
		{1746FB03-8149-4BB9-A3A1-AE5EE9978871} = {1AA3C916-4261-4D5F-BDB2-410B033C735E}
		{B1B77742-C850-4835-ADA1-CB002CB04D1A} = {1AA3C916-4261-4D5F-BDB2-410B033C735E}
		{8CE516DE-C820-4A43-94AE-BA8BC5D4E69D} = {0C8DF00F-BA0A-4669-B3F3-CB931FEE7C68}
		{9E34776F-ABCE-482E-98E3-C9F19D883695} = {0C8DF00F-BA0A-4669-B3F3-CB931FEE7C68}
		{676EA74F-B956-4068-9662-29411438246A} = {0C8DF00F-BA0A-4669-B3F3-CB931FEE7C68}
		{DAB9D5E7-6A34-484E-80EF-C14F7C3A51AB} = {2C9C4C67-8E67-4B03-BEC0-D8E360F19A10}
		{EC4AB1A7-E8D9-45EC-8F4B-031F2178B313} = {2C9C4C67-8E67-4B03-BEC0-D8E360F19A10}
		{A2E286D5-2DEF-4F44-84C4-4A1A9ACEC237} = {2C9C4C67-8E67-4B03-BEC0-D8E360F19A10}
	EndGlobalSection
	GlobalSection(ExtensibilityGlobals) = postSolution
		SolutionGuid = {422C03F9-9A08-49B0-AD0D-9EA1B88FA971}
	EndGlobalSection
EndGlobal
