
Microsoft Visual Studio Solution File, Format Version 12.00
# Visual Studio Version 16
VisualStudioVersion = 16.0.33927.289
MinimumVisualStudioVersion = 10.0.40219.1
Project("{2150E333-8FDC-42A3-9474-1A3956D46DE8}") = "Task0", "Task0", "{E8591594-4B60-414F-99B2-EEAB2D66D1A3}"
EndProject
Project("{FAE04EC0-301F-11D3-BF4B-00C04F79EFBC}") = "Tyuiu.NosyrevaUA.Sprint3.Task0.V19", "Tyuiu.NosyrevaUA.Sprint3.Task0.V19\Tyuiu.NosyrevaUA.Sprint3.Task0.V19.csproj", "{DB4D5E6F-A1D2-481C-9A34-11234C8EF23F}"
EndProject
Project("{FAE04EC0-301F-11D3-BF4B-00C04F79EFBC}") = "Tyuiu.NosyrevaUA.Sprint3.Task0.V19.Lib", "Tyuiu.NosyrevaUA.Sprint3.Task0.V19.Lib\Tyuiu.NosyrevaUA.Sprint3.Task0.V19.Lib.csproj", "{E1532F3E-5E64-4980-B622-371E9C63B630}"
EndProject
Project("{FAE04EC0-301F-11D3-BF4B-00C04F79EFBC}") = "Tyuiu.NosyrevaUA.Sprint3.Task0.V19.Test", "Tyuiu.NosyrevaUA.Sprint3.Task0.V19.Test\Tyuiu.NosyrevaUA.Sprint3.Task0.V19.Test.csproj", "{486556CB-0283-414B-8AB6-E373EC94143A}"
EndProject
Project("{2150E333-8FDC-42A3-9474-1A3956D46DE8}") = "Task1", "Task1", "{E82CF49B-9CE4-430D-88B3-B5C683D434CC}"
EndProject
Project("{FAE04EC0-301F-11D3-BF4B-00C04F79EFBC}") = "Tyuiu.NosyrevaUA.Sprint3.Task1.V11", "Tyuiu.NosyrevaUA.Sprint3.Task1.V11\Tyuiu.NosyrevaUA.Sprint3.Task1.V11.csproj", "{3B5DAB8C-4EE4-49EE-839A-5F052BA88A2A}"
EndProject
Project("{FAE04EC0-301F-11D3-BF4B-00C04F79EFBC}") = "Tyuiu.NosyrevaUA.Sprint3.Task1.V11.Lib", "Tyuiu.NosyrevaUA.Sprint3.Task1.V11.Lib\Tyuiu.NosyrevaUA.Sprint3.Task1.V11.Lib.csproj", "{7BED97ED-A2F9-4169-896A-A3AD23D361A0}"
EndProject
Project("{FAE04EC0-301F-11D3-BF4B-00C04F79EFBC}") = "Tyuiu.NosyrevaUA.Sprint3.Task1.V11.Test", "Tyuiu.NosyrevaUA.Sprint3.Task1.V11.Test\Tyuiu.NosyrevaUA.Sprint3.Task1.V11.Test.csproj", "{72E27377-D8EF-4389-93B2-8C20DD048125}"
EndProject
Project("{2150E333-8FDC-42A3-9474-1A3956D46DE8}") = "Task2", "Task2", "{257F6DD1-3F2F-4CD5-9FA0-01C3EAE7F5D1}"
EndProject
Project("{FAE04EC0-301F-11D3-BF4B-00C04F79EFBC}") = "Tyuiu.NosyrevaUA.Sprint3.Task2.V28", "Tyuiu.NosyrevaUA.Sprint3.Task2.V28\Tyuiu.NosyrevaUA.Sprint3.Task2.V28.csproj", "{DEA6C3C2-276F-4EA0-8886-6DEFF7DC5E4C}"
EndProject
Project("{FAE04EC0-301F-11D3-BF4B-00C04F79EFBC}") = "Tyuiu.NosyrevaUA.Sprint3.Task2.V28.Lib", "Tyuiu.NosyrevaUA.Sprint3.Task2.V28.Lib\Tyuiu.NosyrevaUA.Sprint3.Task2.V28.Lib.csproj", "{28E338D4-C32F-44FA-ACAA-BF3B35AF4474}"
EndProject
Project("{FAE04EC0-301F-11D3-BF4B-00C04F79EFBC}") = "Tyuiu.NosyrevaUA.Sprint3.Task2.V28.Test", "Tyuiu.NosyrevaUA.Sprint3.Task2.V28.Test\Tyuiu.NosyrevaUA.Sprint3.Task2.V28.Test.csproj", "{D8B30E04-3683-4029-8DEB-500A187EC7EF}"
EndProject
Global
	GlobalSection(SolutionConfigurationPlatforms) = preSolution
		Debug|Any CPU = Debug|Any CPU
		Release|Any CPU = Release|Any CPU
	EndGlobalSection
	GlobalSection(ProjectConfigurationPlatforms) = postSolution
		{DB4D5E6F-A1D2-481C-9A34-11234C8EF23F}.Debug|Any CPU.ActiveCfg = Debug|Any CPU
		{DB4D5E6F-A1D2-481C-9A34-11234C8EF23F}.Debug|Any CPU.Build.0 = Debug|Any CPU
		{DB4D5E6F-A1D2-481C-9A34-11234C8EF23F}.Release|Any CPU.ActiveCfg = Release|Any CPU
		{DB4D5E6F-A1D2-481C-9A34-11234C8EF23F}.Release|Any CPU.Build.0 = Release|Any CPU
		{E1532F3E-5E64-4980-B622-371E9C63B630}.Debug|Any CPU.ActiveCfg = Debug|Any CPU
		{E1532F3E-5E64-4980-B622-371E9C63B630}.Debug|Any CPU.Build.0 = Debug|Any CPU
		{E1532F3E-5E64-4980-B622-371E9C63B630}.Release|Any CPU.ActiveCfg = Release|Any CPU
		{E1532F3E-5E64-4980-B622-371E9C63B630}.Release|Any CPU.Build.0 = Release|Any CPU
		{486556CB-0283-414B-8AB6-E373EC94143A}.Debug|Any CPU.ActiveCfg = Debug|Any CPU
		{486556CB-0283-414B-8AB6-E373EC94143A}.Debug|Any CPU.Build.0 = Debug|Any CPU
		{486556CB-0283-414B-8AB6-E373EC94143A}.Release|Any CPU.ActiveCfg = Release|Any CPU
		{486556CB-0283-414B-8AB6-E373EC94143A}.Release|Any CPU.Build.0 = Release|Any CPU
		{3B5DAB8C-4EE4-49EE-839A-5F052BA88A2A}.Debug|Any CPU.ActiveCfg = Debug|Any CPU
		{3B5DAB8C-4EE4-49EE-839A-5F052BA88A2A}.Debug|Any CPU.Build.0 = Debug|Any CPU
		{3B5DAB8C-4EE4-49EE-839A-5F052BA88A2A}.Release|Any CPU.ActiveCfg = Release|Any CPU
		{3B5DAB8C-4EE4-49EE-839A-5F052BA88A2A}.Release|Any CPU.Build.0 = Release|Any CPU
		{7BED97ED-A2F9-4169-896A-A3AD23D361A0}.Debug|Any CPU.ActiveCfg = Debug|Any CPU
		{7BED97ED-A2F9-4169-896A-A3AD23D361A0}.Debug|Any CPU.Build.0 = Debug|Any CPU
		{7BED97ED-A2F9-4169-896A-A3AD23D361A0}.Release|Any CPU.ActiveCfg = Release|Any CPU
		{7BED97ED-A2F9-4169-896A-A3AD23D361A0}.Release|Any CPU.Build.0 = Release|Any CPU
		{72E27377-D8EF-4389-93B2-8C20DD048125}.Debug|Any CPU.ActiveCfg = Debug|Any CPU
		{72E27377-D8EF-4389-93B2-8C20DD048125}.Debug|Any CPU.Build.0 = Debug|Any CPU
		{72E27377-D8EF-4389-93B2-8C20DD048125}.Release|Any CPU.ActiveCfg = Release|Any CPU
		{72E27377-D8EF-4389-93B2-8C20DD048125}.Release|Any CPU.Build.0 = Release|Any CPU
		{DEA6C3C2-276F-4EA0-8886-6DEFF7DC5E4C}.Debug|Any CPU.ActiveCfg = Debug|Any CPU
		{DEA6C3C2-276F-4EA0-8886-6DEFF7DC5E4C}.Debug|Any CPU.Build.0 = Debug|Any CPU
		{DEA6C3C2-276F-4EA0-8886-6DEFF7DC5E4C}.Release|Any CPU.ActiveCfg = Release|Any CPU
		{DEA6C3C2-276F-4EA0-8886-6DEFF7DC5E4C}.Release|Any CPU.Build.0 = Release|Any CPU
		{28E338D4-C32F-44FA-ACAA-BF3B35AF4474}.Debug|Any CPU.ActiveCfg = Debug|Any CPU
		{28E338D4-C32F-44FA-ACAA-BF3B35AF4474}.Debug|Any CPU.Build.0 = Debug|Any CPU
		{28E338D4-C32F-44FA-ACAA-BF3B35AF4474}.Release|Any CPU.ActiveCfg = Release|Any CPU
		{28E338D4-C32F-44FA-ACAA-BF3B35AF4474}.Release|Any CPU.Build.0 = Release|Any CPU
		{D8B30E04-3683-4029-8DEB-500A187EC7EF}.Debug|Any CPU.ActiveCfg = Debug|Any CPU
		{D8B30E04-3683-4029-8DEB-500A187EC7EF}.Debug|Any CPU.Build.0 = Debug|Any CPU
		{D8B30E04-3683-4029-8DEB-500A187EC7EF}.Release|Any CPU.ActiveCfg = Release|Any CPU
		{D8B30E04-3683-4029-8DEB-500A187EC7EF}.Release|Any CPU.Build.0 = Release|Any CPU
	EndGlobalSection
	GlobalSection(SolutionProperties) = preSolution
		HideSolutionNode = FALSE
	EndGlobalSection
	GlobalSection(NestedProjects) = preSolution
		{DB4D5E6F-A1D2-481C-9A34-11234C8EF23F} = {E8591594-4B60-414F-99B2-EEAB2D66D1A3}
		{E1532F3E-5E64-4980-B622-371E9C63B630} = {E8591594-4B60-414F-99B2-EEAB2D66D1A3}
		{486556CB-0283-414B-8AB6-E373EC94143A} = {E8591594-4B60-414F-99B2-EEAB2D66D1A3}
		{3B5DAB8C-4EE4-49EE-839A-5F052BA88A2A} = {E82CF49B-9CE4-430D-88B3-B5C683D434CC}
		{7BED97ED-A2F9-4169-896A-A3AD23D361A0} = {E82CF49B-9CE4-430D-88B3-B5C683D434CC}
		{72E27377-D8EF-4389-93B2-8C20DD048125} = {E82CF49B-9CE4-430D-88B3-B5C683D434CC}
		{DEA6C3C2-276F-4EA0-8886-6DEFF7DC5E4C} = {257F6DD1-3F2F-4CD5-9FA0-01C3EAE7F5D1}
		{28E338D4-C32F-44FA-ACAA-BF3B35AF4474} = {257F6DD1-3F2F-4CD5-9FA0-01C3EAE7F5D1}
		{D8B30E04-3683-4029-8DEB-500A187EC7EF} = {257F6DD1-3F2F-4CD5-9FA0-01C3EAE7F5D1}
	EndGlobalSection
	GlobalSection(ExtensibilityGlobals) = postSolution
		SolutionGuid = {422C03F9-9A08-49B0-AD0D-9EA1B88FA971}
	EndGlobalSection
EndGlobal
